
Microsoft Visual Studio Solution File, Format Version 12.00
# Visual Studio Version 17
VisualStudioVersion = 17.9.34607.119
MinimumVisualStudioVersion = 10.0.40219.1
Project("{FAE04EC0-301F-11D3-BF4B-00C04F79EFBC}") = "TrayBin", "TrayBin.csproj", "{EB853C33-685E-402B-B561-938699E2C244}"
EndProject
Global
	GlobalSection(SolutionConfigurationPlatforms) = preSolution
		Debug|Any CPU = Debug|Any CPU
		Release|Any CPU = Release|Any CPU
	EndGlobalSection
	GlobalSection(ProjectConfigurationPlatforms) = postSolution
		{EB853C33-685E-402B-B561-938699E2C244}.Debug|Any CPU.ActiveCfg = Debug|Any CPU
		{EB853C33-685E-402B-B561-938699E2C244}.Debug|Any CPU.Build.0 = Debug|Any CPU
		{EB853C33-685E-402B-B561-938699E2C244}.Release|Any CPU.ActiveCfg = Release|Any CPU
		{EB853C33-685E-402B-B561-938699E2C244}.Release|Any CPU.Build.0 = Release|Any CPU
	EndGlobalSection
	GlobalSection(SolutionProperties) = preSolution
		HideSolutionNode = FALSE
	EndGlobalSection
	GlobalSection(ExtensibilityGlobals) = postSolution
		SolutionGuid = {7650D19D-493A-4A04-82F0-FD3BA4624AA7}
	EndGlobalSection
EndGlobal
